
Microsoft Visual Studio Solution File, Format Version 12.00
# Visual Studio 14
VisualStudioVersion = 14.0.24720.0
MinimumVisualStudioVersion = 10.0.40219.1
Project("{2150E333-8FDC-42A3-9474-1A3956D46DE8}") = "src", "src", "{7769EAD0-7C4F-47F6-A197-88B200D26BD4}"
EndProject
Project("{2150E333-8FDC-42A3-9474-1A3956D46DE8}") = "Solution Items", "Solution Items", "{B0A8973F-520B-4A90-BC37-49BA5D472950}"
	ProjectSection(SolutionItems) = preProject
		global.json = global.json
		NuGet.config = NuGet.config
	EndProjectSection
EndProject
Project("{8BB2217D-0F2D-49D1-97BC-3654ED321F3B}") = "CoreMessageBus", "src\CoreMessageBus\CoreMessageBus.xproj", "{13ABBC08-E67B-459B-BF37-B40C2CCA7BAE}"
EndProject
Project("{2150E333-8FDC-42A3-9474-1A3956D46DE8}") = "test", "test", "{B105E91D-7C7C-4610-9EC3-8BF883FEC1AB}"
EndProject
Project("{8BB2217D-0F2D-49D1-97BC-3654ED321F3B}") = "CoreMessageBus.Tests", "test\CoreMessageBus.Tests\CoreMessageBus.Tests.xproj", "{BE2B180A-4FCF-4F2A-A6E2-296C6BADF7AE}"
EndProject
Project("{2150E333-8FDC-42A3-9474-1A3956D46DE8}") = "samples", "samples", "{553CFB82-2AF8-45F4-9BF9-636A4153BD99}"
EndProject
Project("{8BB2217D-0F2D-49D1-97BC-3654ED321F3B}") = "ConsoleSample", "samples\ConsoleSample\ConsoleSample.xproj", "{B2EC2CA2-083C-4678-8E2F-FD8172CCA715}"
EndProject
Project("{8BB2217D-0F2D-49D1-97BC-3654ED321F3B}") = "CoreMessageBus.ServiceBus.SqlServer", "src\CoreMessageBus.ServiceBus.SqlServer\CoreMessageBus.ServiceBus.SqlServer.xproj", "{5691A1AE-4606-47DA-B1A9-B121E16F4425}"
EndProject
Project("{8BB2217D-0F2D-49D1-97BC-3654ED321F3B}") = "CoreMessageBus.ServiceBus.SqlServer.Tests", "test\CoreMessageBus.ServiceBus.SqlServer.Tests\CoreMessageBus.ServiceBus.SqlServer.Tests.xproj", "{5832B207-C7AF-4E4C-A1B7-8B6383D1138F}"
EndProject
Project("{8BB2217D-0F2D-49D1-97BC-3654ED321F3B}") = "CoreMessageBus.ServiceBus", "src\CoreMessageBus.ServiceBus\CoreMessageBus.ServiceBus.xproj", "{293421A0-DAA7-4DC2-8517-E6AFF97F10C5}"
EndProject
Project("{8BB2217D-0F2D-49D1-97BC-3654ED321F3B}") = "CoreMessageBus.ServiceBus.Tests", "test\CoreMessageBus.ServiceBus.Tests\CoreMessageBus.ServiceBus.Tests.xproj", "{D481816B-E73E-44B5-B275-92EF18C8FE15}"
EndProject
Project("{8BB2217D-0F2D-49D1-97BC-3654ED321F3B}") = "coremessagebus-sql", "src\coremessagebus-sql\coremessagebus-sql.xproj", "{B9EAC2F0-1575-4FF2-8173-A9577AB7809A}"
EndProject
Project("{8BB2217D-0F2D-49D1-97BC-3654ED321F3B}") = "WebSample", "samples\WebSample\WebSample.xproj", "{5ACA1AA4-1E4D-4DC3-A62B-0219C6FCA3CE}"
EndProject
Project("{8BB2217D-0F2D-49D1-97BC-3654ED321F3B}") = "Core", "samples\Core\Core.xproj", "{88972E5F-EEC3-4B65-AE38-3FCCCF5093D9}"
EndProject
Global
	GlobalSection(SolutionConfigurationPlatforms) = preSolution
		Debug|Any CPU = Debug|Any CPU
		Release|Any CPU = Release|Any CPU
	EndGlobalSection
	GlobalSection(ProjectConfigurationPlatforms) = postSolution
		{13ABBC08-E67B-459B-BF37-B40C2CCA7BAE}.Debug|Any CPU.ActiveCfg = Debug|Any CPU
		{13ABBC08-E67B-459B-BF37-B40C2CCA7BAE}.Debug|Any CPU.Build.0 = Debug|Any CPU
		{13ABBC08-E67B-459B-BF37-B40C2CCA7BAE}.Release|Any CPU.ActiveCfg = Release|Any CPU
		{13ABBC08-E67B-459B-BF37-B40C2CCA7BAE}.Release|Any CPU.Build.0 = Release|Any CPU
		{BE2B180A-4FCF-4F2A-A6E2-296C6BADF7AE}.Debug|Any CPU.ActiveCfg = Debug|Any CPU
		{BE2B180A-4FCF-4F2A-A6E2-296C6BADF7AE}.Debug|Any CPU.Build.0 = Debug|Any CPU
		{BE2B180A-4FCF-4F2A-A6E2-296C6BADF7AE}.Release|Any CPU.ActiveCfg = Release|Any CPU
		{BE2B180A-4FCF-4F2A-A6E2-296C6BADF7AE}.Release|Any CPU.Build.0 = Release|Any CPU
		{B2EC2CA2-083C-4678-8E2F-FD8172CCA715}.Debug|Any CPU.ActiveCfg = Debug|Any CPU
		{B2EC2CA2-083C-4678-8E2F-FD8172CCA715}.Debug|Any CPU.Build.0 = Debug|Any CPU
		{B2EC2CA2-083C-4678-8E2F-FD8172CCA715}.Release|Any CPU.ActiveCfg = Release|Any CPU
		{B2EC2CA2-083C-4678-8E2F-FD8172CCA715}.Release|Any CPU.Build.0 = Release|Any CPU
		{5691A1AE-4606-47DA-B1A9-B121E16F4425}.Debug|Any CPU.ActiveCfg = Debug|Any CPU
		{5691A1AE-4606-47DA-B1A9-B121E16F4425}.Debug|Any CPU.Build.0 = Debug|Any CPU
		{5691A1AE-4606-47DA-B1A9-B121E16F4425}.Release|Any CPU.ActiveCfg = Release|Any CPU
		{5691A1AE-4606-47DA-B1A9-B121E16F4425}.Release|Any CPU.Build.0 = Release|Any CPU
		{5832B207-C7AF-4E4C-A1B7-8B6383D1138F}.Debug|Any CPU.ActiveCfg = Debug|Any CPU
		{5832B207-C7AF-4E4C-A1B7-8B6383D1138F}.Debug|Any CPU.Build.0 = Debug|Any CPU
		{5832B207-C7AF-4E4C-A1B7-8B6383D1138F}.Release|Any CPU.ActiveCfg = Release|Any CPU
		{5832B207-C7AF-4E4C-A1B7-8B6383D1138F}.Release|Any CPU.Build.0 = Release|Any CPU
		{293421A0-DAA7-4DC2-8517-E6AFF97F10C5}.Debug|Any CPU.ActiveCfg = Debug|Any CPU
		{293421A0-DAA7-4DC2-8517-E6AFF97F10C5}.Debug|Any CPU.Build.0 = Debug|Any CPU
		{293421A0-DAA7-4DC2-8517-E6AFF97F10C5}.Release|Any CPU.ActiveCfg = Release|Any CPU
		{293421A0-DAA7-4DC2-8517-E6AFF97F10C5}.Release|Any CPU.Build.0 = Release|Any CPU
		{D481816B-E73E-44B5-B275-92EF18C8FE15}.Debug|Any CPU.ActiveCfg = Debug|Any CPU
		{D481816B-E73E-44B5-B275-92EF18C8FE15}.Debug|Any CPU.Build.0 = Debug|Any CPU
		{D481816B-E73E-44B5-B275-92EF18C8FE15}.Release|Any CPU.ActiveCfg = Release|Any CPU
		{D481816B-E73E-44B5-B275-92EF18C8FE15}.Release|Any CPU.Build.0 = Release|Any CPU
		{B9EAC2F0-1575-4FF2-8173-A9577AB7809A}.Debug|Any CPU.ActiveCfg = Debug|Any CPU
		{B9EAC2F0-1575-4FF2-8173-A9577AB7809A}.Debug|Any CPU.Build.0 = Debug|Any CPU
		{B9EAC2F0-1575-4FF2-8173-A9577AB7809A}.Release|Any CPU.ActiveCfg = Release|Any CPU
		{B9EAC2F0-1575-4FF2-8173-A9577AB7809A}.Release|Any CPU.Build.0 = Release|Any CPU
		{5ACA1AA4-1E4D-4DC3-A62B-0219C6FCA3CE}.Debug|Any CPU.ActiveCfg = Debug|Any CPU
		{5ACA1AA4-1E4D-4DC3-A62B-0219C6FCA3CE}.Debug|Any CPU.Build.0 = Debug|Any CPU
		{5ACA1AA4-1E4D-4DC3-A62B-0219C6FCA3CE}.Release|Any CPU.ActiveCfg = Release|Any CPU
		{5ACA1AA4-1E4D-4DC3-A62B-0219C6FCA3CE}.Release|Any CPU.Build.0 = Release|Any CPU
		{88972E5F-EEC3-4B65-AE38-3FCCCF5093D9}.Debug|Any CPU.ActiveCfg = Debug|Any CPU
		{88972E5F-EEC3-4B65-AE38-3FCCCF5093D9}.Debug|Any CPU.Build.0 = Debug|Any CPU
		{88972E5F-EEC3-4B65-AE38-3FCCCF5093D9}.Release|Any CPU.ActiveCfg = Release|Any CPU
		{88972E5F-EEC3-4B65-AE38-3FCCCF5093D9}.Release|Any CPU.Build.0 = Release|Any CPU
	EndGlobalSection
	GlobalSection(SolutionProperties) = preSolution
		HideSolutionNode = FALSE
	EndGlobalSection
	GlobalSection(NestedProjects) = preSolution
		{13ABBC08-E67B-459B-BF37-B40C2CCA7BAE} = {7769EAD0-7C4F-47F6-A197-88B200D26BD4}
		{BE2B180A-4FCF-4F2A-A6E2-296C6BADF7AE} = {B105E91D-7C7C-4610-9EC3-8BF883FEC1AB}
		{B2EC2CA2-083C-4678-8E2F-FD8172CCA715} = {553CFB82-2AF8-45F4-9BF9-636A4153BD99}
		{5691A1AE-4606-47DA-B1A9-B121E16F4425} = {7769EAD0-7C4F-47F6-A197-88B200D26BD4}
		{5832B207-C7AF-4E4C-A1B7-8B6383D1138F} = {B105E91D-7C7C-4610-9EC3-8BF883FEC1AB}
		{293421A0-DAA7-4DC2-8517-E6AFF97F10C5} = {7769EAD0-7C4F-47F6-A197-88B200D26BD4}
		{D481816B-E73E-44B5-B275-92EF18C8FE15} = {B105E91D-7C7C-4610-9EC3-8BF883FEC1AB}
		{B9EAC2F0-1575-4FF2-8173-A9577AB7809A} = {7769EAD0-7C4F-47F6-A197-88B200D26BD4}
		{5ACA1AA4-1E4D-4DC3-A62B-0219C6FCA3CE} = {553CFB82-2AF8-45F4-9BF9-636A4153BD99}
		{88972E5F-EEC3-4B65-AE38-3FCCCF5093D9} = {553CFB82-2AF8-45F4-9BF9-636A4153BD99}
	EndGlobalSection
EndGlobal
